
Microsoft Visual Studio Solution File, Format Version 12.00
# Visual Studio 2013
VisualStudioVersion = 12.0.30501.0
MinimumVisualStudioVersion = 10.0.40219.1
Project("{8BC9CEB8-8B4A-11D0-8D11-00A0C91BC942}") = "Catalogue", "Catalogue\Catalogue.vcxproj", "{144B2CB6-B7BB-4525-8FEC-B2D3CBB0CBD9}"
EndProject
Project("{8BC9CEB8-8B4A-11D0-8D11-00A0C91BC942}") = "CatalogueTextSearch", "CatalogueTextSearch\CatalogueTextSearch.vcxproj", "{E0436E12-B632-4465-8722-5D66DEA7DC56}"
EndProject
Project("{8BC9CEB8-8B4A-11D0-8D11-00A0C91BC942}") = "DataStore", "DataStore\DataStore.vcxproj", "{9496E506-F4A5-41A9-A01E-35B0788DB745}"
EndProject
Project("{8BC9CEB8-8B4A-11D0-8D11-00A0C91BC942}") = "Display", "Display\DisplayCatalogue.vcxproj", "{A189B452-0323-4F23-8EEF-92C7ADC86E28}"
EndProject
Project("{8BC9CEB8-8B4A-11D0-8D11-00A0C91BC942}") = "FileManager", "FileManager\FileManager.vcxproj", "{41C7B5DD-E40B-4B23-B762-EE83CB072D70}"
EndProject
Project("{8BC9CEB8-8B4A-11D0-8D11-00A0C91BC942}") = "FileSystemDemo", "FileSystem\FileSystemDemo\FileSystemDemo.vcxproj", "{EF4A3188-CA93-45A2-AB52-7548669E3AA8}"
EndProject
Project("{8BC9CEB8-8B4A-11D0-8D11-00A0C91BC942}") = "FileCatalogueExecutor", "FileCatalogueExecutor\FileCatalogueExecutor.vcxproj", "{3A241A65-D17C-4058-8274-4558262FADA5}"
EndProject
Global
	GlobalSection(SolutionConfigurationPlatforms) = preSolution
		Debug|Win32 = Debug|Win32
		Release|Win32 = Release|Win32
	EndGlobalSection
	GlobalSection(ProjectConfigurationPlatforms) = postSolution
		{144B2CB6-B7BB-4525-8FEC-B2D3CBB0CBD9}.Debug|Win32.ActiveCfg = Debug|Win32
		{144B2CB6-B7BB-4525-8FEC-B2D3CBB0CBD9}.Debug|Win32.Build.0 = Debug|Win32
		{144B2CB6-B7BB-4525-8FEC-B2D3CBB0CBD9}.Release|Win32.ActiveCfg = Release|Win32
		{144B2CB6-B7BB-4525-8FEC-B2D3CBB0CBD9}.Release|Win32.Build.0 = Release|Win32
		{E0436E12-B632-4465-8722-5D66DEA7DC56}.Debug|Win32.ActiveCfg = Debug|Win32
		{E0436E12-B632-4465-8722-5D66DEA7DC56}.Debug|Win32.Build.0 = Debug|Win32
		{E0436E12-B632-4465-8722-5D66DEA7DC56}.Release|Win32.ActiveCfg = Release|Win32
		{E0436E12-B632-4465-8722-5D66DEA7DC56}.Release|Win32.Build.0 = Release|Win32
		{9496E506-F4A5-41A9-A01E-35B0788DB745}.Debug|Win32.ActiveCfg = Debug|Win32
		{9496E506-F4A5-41A9-A01E-35B0788DB745}.Debug|Win32.Build.0 = Debug|Win32
		{9496E506-F4A5-41A9-A01E-35B0788DB745}.Release|Win32.ActiveCfg = Release|Win32
		{9496E506-F4A5-41A9-A01E-35B0788DB745}.Release|Win32.Build.0 = Release|Win32
		{A189B452-0323-4F23-8EEF-92C7ADC86E28}.Debug|Win32.ActiveCfg = Debug|Win32
		{A189B452-0323-4F23-8EEF-92C7ADC86E28}.Debug|Win32.Build.0 = Debug|Win32
		{A189B452-0323-4F23-8EEF-92C7ADC86E28}.Release|Win32.ActiveCfg = Release|Win32
		{A189B452-0323-4F23-8EEF-92C7ADC86E28}.Release|Win32.Build.0 = Release|Win32
		{41C7B5DD-E40B-4B23-B762-EE83CB072D70}.Debug|Win32.ActiveCfg = Debug|Win32
		{41C7B5DD-E40B-4B23-B762-EE83CB072D70}.Debug|Win32.Build.0 = Debug|Win32
		{41C7B5DD-E40B-4B23-B762-EE83CB072D70}.Release|Win32.ActiveCfg = Release|Win32
		{41C7B5DD-E40B-4B23-B762-EE83CB072D70}.Release|Win32.Build.0 = Release|Win32
		{EF4A3188-CA93-45A2-AB52-7548669E3AA8}.Debug|Win32.ActiveCfg = Debug|Win32
		{EF4A3188-CA93-45A2-AB52-7548669E3AA8}.Debug|Win32.Build.0 = Debug|Win32
		{EF4A3188-CA93-45A2-AB52-7548669E3AA8}.Release|Win32.ActiveCfg = Release|Win32
		{EF4A3188-CA93-45A2-AB52-7548669E3AA8}.Release|Win32.Build.0 = Release|Win32
		{3A241A65-D17C-4058-8274-4558262FADA5}.Debug|Win32.ActiveCfg = Debug|Win32
		{3A241A65-D17C-4058-8274-4558262FADA5}.Debug|Win32.Build.0 = Debug|Win32
		{3A241A65-D17C-4058-8274-4558262FADA5}.Release|Win32.ActiveCfg = Release|Win32
		{3A241A65-D17C-4058-8274-4558262FADA5}.Release|Win32.Build.0 = Release|Win32
	EndGlobalSection
	GlobalSection(SolutionProperties) = preSolution
		HideSolutionNode = FALSE
	EndGlobalSection
EndGlobal
